# Pins for the publicly published verifier files.
#
# These SHA-256 hashes must match both the embedded copies below and the
# copies published at github.com/Inntris/inntris-verify (SHA256SUMS). CI
# fails on any drift, so a change to the verifier or the methodology forces
# a conscious re-publication: bump this file, the inntris-verify repo, and
# the inntris.com .well-known mirror in the same sitting, then tag a release
# there (see that repo's CHANGELOG.md for the full procedure).
aa48f28be5af31c5dc1bec586ccd054fe9e58684e74976853b9a9a2b1b7845c2  evidence_pack/pack_contents/verify_pack.py
75c4c26e9eaa3d06d3a27ede23ac87cfb5348d3f5af94d5914ec6306f2c4fc2e  evidence_pack/pack_contents/METHODOLOGY.md
